// !$*UTF8*$!
{
	archiveVersion = 1;
	classes = {
	};
	objectVersion = 46;
	objects = {

/* Begin PBXBuildFile section */
		4C799F841CD309F900D7C74C /* main.m in Sources */ = {isa = PBXBuildFile; fileRef = 4C799F831CD309F900D7C74C /* main.m */; };
		4C799F871CD309F900D7C74C /* AppDelegate.m in Sources */ = {isa = PBXBuildFile; fileRef = 4C799F861CD309F900D7C74C /* AppDelegate.m */; };
		4C799F8A1CD309F900D7C74C /* ViewController.m in Sources */ = {isa = PBXBuildFile; fileRef = 4C799F891CD309F900D7C74C /* ViewController.m */; };
		4C799F8D1CD309FA00D7C74C /* Main.storyboard in Resources */ = {isa = PBXBuildFile; fileRef = 4C799F8B1CD309FA00D7C74C /* Main.storyboard */; };
		4C799F8F1CD309FB00D7C74C /* Assets.xcassets in Resources */ = {isa = PBXBuildFile; fileRef = 4C799F8E1CD309FB00D7C74C /* Assets.xcassets */; };
		4C799F921CD309FB00D7C74C /* LaunchScreen.storyboard in Resources */ = {isa = PBXBuildFile; fileRef = 4C799F901CD309FB00D7C74C /* LaunchScreen.storyboard */; };
		4C799F9D1CD309FD00D7C74C /* KBNetworkingTests.m in Sources */ = {isa = PBXBuildFile; fileRef = 4C799F9C1CD309FD00D7C74C /* KBNetworkingTests.m */; };
		4C799FA81CD309FD00D7C74C /* KBNetworkingUITests.m in Sources */ = {isa = PBXBuildFile; fileRef = 4C799FA71CD309FD00D7C74C /* KBNetworkingUITests.m */; };
/* End PBXBuildFile section */

/* Begin PBXContainerItemProxy section */
		4C799F991CD309FD00D7C74C /* PBXContainerItemProxy */ = {
			isa = PBXContainerItemProxy;
			containerPortal = 4C799F771CD309F900D7C74C /* Project object */;
			proxyType = 1;
			remoteGlobalIDString = 4C799F7E1CD309F900D7C74C;
			remoteInfo = KBNetworking;
		};
		4C799FA41CD309FD00D7C74C /* PBXContainerItemProxy */ = {
			isa = PBXContainerItemProxy;
			containerPortal = 4C799F771CD309F900D7C74C /* Project object */;
			proxyType = 1;
			remoteGlobalIDString = 4C799F7E1CD309F900D7C74C;
			remoteInfo = KBNetworking;
		};
/* End PBXContainerItemProxy section */

/* Begin PBXFileReference section */
		4C799F7F1CD309F900D7C74C /* KBNetworking.app */ = {isa = PBXFileReference; explicitFileType = wrapper.application; includeInIndex = 0; path = KBNetworking.app; sourceTree = BUILT_PRODUCTS_DIR; };
		4C799F831CD309F900D7C74C /* main.m */ = {isa = PBXFileReference; lastKnownFileType = sourcecode.c.objc; path = main.m; sourceTree = "<group>"; };
		4C799F851CD309F900D7C74C /* AppDelegate.h */ = {isa = PBXFileReference; lastKnownFileType = sourcecode.c.h; path = AppDelegate.h; sourceTree = "<group>"; };
		4C799F861CD309F900D7C74C /* AppDelegate.m */ = {isa = PBXFileReference; lastKnownFileType = sourcecode.c.objc; path = AppDelegate.m; sourceTree = "<group>"; };
		4C799F881CD309F900D7C74C /* ViewController.h */ = {isa = PBXFileReference; lastKnownFileType = sourcecode.c.h; path = ViewController.h; sourceTree = "<group>"; };
		4C799F891CD309F900D7C74C /* ViewController.m */ = {isa = PBXFileReference; lastKnownFileType = sourcecode.c.objc; path = ViewController.m; sourceTree = "<group>"; };
		4C799F8C1CD309FA00D7C74C /* Base */ = {isa = PBXFileReference; lastKnownFileType = file.storyboard; name = Base; path = Base.lproj/Main.storyboard; sourceTree = "<group>"; };
		4C799F8E1CD309FB00D7C74C /* Assets.xcassets */ = {isa = PBXFileReference; lastKnownFileType = folder.assetcatalog; path = Assets.xcassets; sourceTree = "<group>"; };
		4C799F911CD309FB00D7C74C /* Base */ = {isa = PBXFileReference; lastKnownFileType = file.storyboard; name = Base; path = Base.lproj/LaunchScreen.storyboard; sourceTree = "<group>"; };
		4C799F931CD309FC00D7C74C /* Info.plist */ = {isa = PBXFileReference; lastKnownFileType = text.plist.xml; path = Info.plist; sourceTree = "<group>"; };
		4C799F981CD309FD00D7C74C /* KBNetworkingTests.xctest */ = {isa = PBXFileReference; explicitFileType = wrapper.cfbundle; includeInIndex = 0; path = KBNetworkingTests.xctest; sourceTree = BUILT_PRODUCTS_DIR; };
		4C799F9C1CD309FD00D7C74C /* KBNetworkingTests.m */ = {isa = PBXFileReference; lastKnownFileType = sourcecode.c.objc; path = KBNetworkingTests.m; sourceTree = "<group>"; };
		4C799F9E1CD309FD00D7C74C /* Info.plist */ = {isa = PBXFileReference; lastKnownFileType = text.plist.xml; path = Info.plist; sourceTree = "<group>"; };
		4C799FA31CD309FD00D7C74C /* KBNetworkingUITests.xctest */ = {isa = PBXFileReference; explicitFileType = wrapper.cfbundle; includeInIndex = 0; path = KBNetworkingUITests.xctest; sourceTree = BUILT_PRODUCTS_DIR; };
		4C799FA71CD309FD00D7C74C /* KBNetworkingUITests.m */ = {isa = PBXFileReference; lastKnownFileType = sourcecode.c.objc; path = KBNetworkingUITests.m; sourceTree = "<group>"; };
		4C799FA91CD309FD00D7C74C /* Info.plist */ = {isa = PBXFileReference; lastKnownFileType = text.plist.xml; path = Info.plist; sourceTree = "<group>"; };
/* End PBXFileReference section */

/* Begin PBXFrameworksBuildPhase section */
		4C799F7C1CD309F900D7C74C /* Frameworks */ = {
			isa = PBXFrameworksBuildPhase;
			buildActionMask = 2147483647;
			files = (
			);
			runOnlyForDeploymentPostprocessing = 0;
		};
		4C799F951CD309FD00D7C74C /* Frameworks */ = {
			isa = PBXFrameworksBuildPhase;
			buildActionMask = 2147483647;
			files = (
			);
			runOnlyForDeploymentPostprocessing = 0;
		};
		4C799FA01CD309FD00D7C74C /* Frameworks */ = {
			isa = PBXFrameworksBuildPhase;
			buildActionMask = 2147483647;
			files = (
			);
			runOnlyForDeploymentPostprocessing = 0;
		};
/* End PBXFrameworksBuildPhase section */

/* Begin PBXGroup section */
		4C799F761CD309F900D7C74C = {
			isa = PBXGroup;
			children = (
				4C799F811CD309F900D7C74C /* KBNetworking */,
				4C799F9B1CD309FD00D7C74C /* KBNetworkingTests */,
				4C799FA61CD309FD00D7C74C /* KBNetworkingUITests */,
				4C799F801CD309F900D7C74C /* Products */,
			);
			sourceTree = "<group>";
		};
		4C799F801CD309F900D7C74C /* Products */ = {
			isa = PBXGroup;
			children = (
				4C799F7F1CD309F900D7C74C /* KBNetworking.app */,
				4C799F981CD309FD00D7C74C /* KBNetworkingTests.xctest */,
				4C799FA31CD309FD00D7C74C /* KBNetworkingUITests.xctest */,
			);
			name = Products;
			sourceTree = "<group>";
		};
		4C799F811CD309F900D7C74C /* KBNetworking */ = {
			isa = PBXGroup;
			children = (
				4C799F851CD309F900D7C74C /* AppDelegate.h */,
				4C799F861CD309F900D7C74C /* AppDelegate.m */,
				4C799F881CD309F900D7C74C /* ViewController.h */,
				4C799F891CD309F900D7C74C /* ViewController.m */,
				4C799F8B1CD309FA00D7C74C /* Main.storyboard */,
				4C799F8E1CD309FB00D7C74C /* Assets.xcassets */,
				4C799F901CD309FB00D7C74C /* LaunchScreen.storyboard */,
				4C799F931CD309FC00D7C74C /* Info.plist */,
				4C799F821CD309F900D7C74C /* Supporting Files */,
			);
			path = KBNetworking;
			sourceTree = "<group>";
		};
		4C799F821CD309F900D7C74C /* Supporting Files */ = {
			isa = PBXGroup;
			children = (
				4C799F831CD309F900D7C74C /* main.m */,
			);
			name = "Supporting Files";
			sourceTree = "<group>";
		};
		4C799F9B1CD309FD00D7C74C /* KBNetworkingTests */ = {
			isa = PBXGroup;
			children = (
				4C799F9C1CD309FD00D7C74C /* KBNetworkingTests.m */,
				4C799F9E1CD309FD00D7C74C /* Info.plist */,
			);
			path = KBNetworkingTests;
			sourceTree = "<group>";
		};
		4C799FA61CD309FD00D7C74C /* KBNetworkingUITests */ = {
			isa = PBXGroup;
			children = (
				4C799FA71CD309FD00D7C74C /* KBNetworkingUITests.m */,
				4C799FA91CD309FD00D7C74C /* Info.plist */,
			);
			path = KBNetworkingUITests;
			sourceTree = "<group>";
		};
/* End PBXGroup section */

/* Begin PBXNativeTarget section */
		4C799F7E1CD309F900D7C74C /* KBNetworking */ = {
			isa = PBXNativeTarget;
			buildConfigurationList = 4C799FAC1CD309FD00D7C74C /* Build configuration list for PBXNativeTarget "KBNetworking" */;
			buildPhases = (
				4C799F7B1CD309F900D7C74C /* Sources */,
				4C799F7C1CD309F900D7C74C /* Frameworks */,
				4C799F7D1CD309F900D7C74C /* Resources */,
			);
			buildRules = (
			);
			dependencies = (
			);
			name = KBNetworking;
			productName = KBNetworking;
			productReference = 4C799F7F1CD309F900D7C74C /* KBNetworking.app */;
			productType = "com.apple.product-type.application";
		};
		4C799F971CD309FD00D7C74C /* KBNetworkingTests */ = {
			isa = PBXNativeTarget;
			buildConfigurationList = 4C799FAF1CD309FD00D7C74C /* Build configuration list for PBXNativeTarget "KBNetworkingTests" */;
			buildPhases = (
				4C799F941CD309FD00D7C74C /* Sources */,
				4C799F951CD309FD00D7C74C /* Frameworks */,
				4C799F961CD309FD00D7C74C /* Resources */,
			);
			buildRules = (
			);
			dependencies = (
				4C799F9A1CD309FD00D7C74C /* PBXTargetDependency */,
			);
			name = KBNetworkingTests;
			productName = KBNetworkingTests;
			productReference = 4C799F981CD309FD00D7C74C /* KBNetworkingTests.xctest */;
			productType = "com.apple.product-type.bundle.unit-test";
		};
		4C799FA21CD309FD00D7C74C /* KBNetworkingUITests */ = {
			isa = PBXNativeTarget;
			buildConfigurationList = 4C799FB21CD309FD00D7C74C /* Build configuration list for PBXNativeTarget "KBNetworkingUITests" */;
			buildPhases = (
				4C799F9F1CD309FD00D7C74C /* Sources */,
				4C799FA01CD309FD00D7C74C /* Frameworks */,
				4C799FA11CD309FD00D7C74C /* Resources */,
			);
			buildRules = (
			);
			dependencies = (
				4C799FA51CD309FD00D7C74C /* PBXTargetDependency */,
			);
			name = KBNetworkingUITests;
			productName = KBNetworkingUITests;
			productReference = 4C799FA31CD309FD00D7C74C /* KBNetworkingUITests.xctest */;
			productType = "com.apple.product-type.bundle.ui-testing";
		};
/* End PBXNativeTarget section */

/* Begin PBXProject section */
		4C799F771CD309F900D7C74C /* Project object */ = {
			isa = PBXProject;
			attributes = {
				LastUpgradeCheck = 0720;
				ORGANIZATIONNAME = "Gan Tian";
				TargetAttributes = {
					4C799F7E1CD309F900D7C74C = {
						CreatedOnToolsVersion = 7.2;
					};
					4C799F971CD309FD00D7C74C = {
						CreatedOnToolsVersion = 7.2;
						TestTargetID = 4C799F7E1CD309F900D7C74C;
					};
					4C799FA21CD309FD00D7C74C = {
						CreatedOnToolsVersion = 7.2;
						TestTargetID = 4C799F7E1CD309F900D7C74C;
					};
				};
			};
			buildConfigurationList = 4C799F7A1CD309F900D7C74C /* Build configuration list for PBXProject "KBNetworking" */;
			compatibilityVersion = "Xcode 3.2";
			developmentRegion = English;
			hasScannedForEncodings = 0;
			knownRegions = (
				en,
				Base,
			);
			mainGroup = 4C799F761CD309F900D7C74C;
			productRefGroup = 4C799F801CD309F900D7C74C /* Products */;
			projectDirPath = "";
			projectRoot = "";
			targets = (
				4C799F7E1CD309F900D7C74C /* KBNetworking */,
				4C799F971CD309FD00D7C74C /* KBNetworkingTests */,
				4C799FA21CD309FD00D7C74C /* KBNetworkingUITests */,
			);
		};
/* End PBXProject section */

/* Begin PBXResourcesBuildPhase section */
		4C799F7D1CD309F900D7C74C /* Resources */ = {
			isa = PBXResourcesBuildPhase;
			buildActionMask = 2147483647;
			files = (
				4C799F921CD309FB00D7C74C /* LaunchScreen.storyboard in Resources */,
				4C799F8F1CD309FB00D7C74C /* Assets.xcassets in Resources */,
				4C799F8D1CD309FA00D7C74C /* Main.storyboard in Resources */,
			);
			runOnlyForDeploymentPostprocessing = 0;
		};
		4C799F961CD309FD00D7C74C /* Resources */ = {
			isa = PBXResourcesBuildPhase;
			buildActionMask = 2147483647;
			files = (
			);
			runOnlyForDeploymentPostprocessing = 0;
		};
		4C799FA11CD309FD00D7C74C /* Resources */ = {
			isa = PBXResourcesBuildPhase;
			buildActionMask = 2147483647;
			files = (
			);
			runOnlyForDeploymentPostprocessing = 0;
		};
/* End PBXResourcesBuildPhase section */

/* Begin PBXSourcesBuildPhase section */
		4C799F7B1CD309F900D7C74C /* Sources */ = {
			isa = PBXSourcesBuildPhase;
			buildActionMask = 2147483647;
			files = (
				4C799F8A1CD309F900D7C74C /* ViewController.m in Sources */,
				4C799F871CD309F900D7C74C /* AppDelegate.m in Sources */,
				4C799F841CD309F900D7C74C /* main.m in Sources */,
			);
			runOnlyForDeploymentPostprocessing = 0;
		};
		4C799F941CD309FD00D7C74C /* Sources */ = {
			isa = PBXSourcesBuildPhase;
			buildActionMask = 2147483647;
			files = (
				4C799F9D1CD309FD00D7C74C /* KBNetworkingTests.m in Sources */,
			);
			runOnlyForDeploymentPostprocessing = 0;
		};
		4C799F9F1CD309FD00D7C74C /* Sources */ = {
			isa = PBXSourcesBuildPhase;
			buildActionMask = 2147483647;
			files = (
				4C799FA81CD309FD00D7C74C /* KBNetworkingUITests.m in Sources */,
			);
			runOnlyForDeploymentPostprocessing = 0;
		};
/* End PBXSourcesBuildPhase section */

/* Begin PBXTargetDependency section */
		4C799F9A1CD309FD00D7C74C /* PBXTargetDependency */ = {
			isa = PBXTargetDependency;
			target = 4C799F7E1CD309F900D7C74C /* KBNetworking */;
			targetProxy = 4C799F991CD309FD00D7C74C /* PBXContainerItemProxy */;
		};
		4C799FA51CD309FD00D7C74C /* PBXTargetDependency */ = {
			isa = PBXTargetDependency;
			target = 4C799F7E1CD309F900D7C74C /* KBNetworking */;
			targetProxy = 4C799FA41CD309FD00D7C74C /* PBXContainerItemProxy */;
		};
/* End PBXTargetDependency section */

/* Begin PBXVariantGroup section */
		4C799F8B1CD309FA00D7C74C /* Main.storyboard */ = {
			isa = PBXVariantGroup;
			children = (
				4C799F8C1CD309FA00D7C74C /* Base */,
			);
			name = Main.storyboard;
			sourceTree = "<group>";
		};
		4C799F901CD309FB00D7C74C /* LaunchScreen.storyboard */ = {
			isa = PBXVariantGroup;
			children = (
				4C799F911CD309FB00D7C74C /* Base */,
			);
			name = LaunchScreen.storyboard;
			sourceTree = "<group>";
		};
/* End PBXVariantGroup section */

/* Begin XCBuildConfiguration section */
		4C799FAA1CD309FD00D7C74C /* Debug */ = {
			isa = XCBuildConfiguration;
			buildSettings = {
				ALWAYS_SEARCH_USER_PATHS = NO;
				CLANG_CXX_LANGUAGE_STANDARD = "gnu++0x";
				CLANG_CXX_LIBRARY = "libc++";
				CLANG_ENABLE_MODULES = YES;
				CLANG_ENABLE_OBJC_ARC = YES;
				CLANG_WARN_BOOL_CONVERSION = YES;
				CLANG_WARN_CONSTANT_CONVERSION = YES;
				CLANG_WARN_DIRECT_OBJC_ISA_USAGE = YES_ERROR;
				CLANG_WARN_EMPTY_BODY = YES;
				CLANG_WARN_ENUM_CONVERSION = YES;
				CLANG_WARN_INT_CONVERSION = YES;
				CLANG_WARN_OBJC_ROOT_CLASS = YES_ERROR;
				CLANG_WARN_UNREACHABLE_CODE = YES;
				CLANG_WARN__DUPLICATE_METHOD_MATCH = YES;
				"CODE_SIGN_IDENTITY[sdk=iphoneos*]" = "iPhone Developer";
				COPY_PHASE_STRIP = NO;
				DEBUG_INFORMATION_FORMAT = dwarf;
				ENABLE_STRICT_OBJC_MSGSEND = YES;
				ENABLE_TESTABILITY = YES;
				GCC_C_LANGUAGE_STANDARD = gnu99;
				GCC_DYNAMIC_NO_PIC = NO;
				GCC_NO_COMMON_BLOCKS = YES;
				GCC_OPTIMIZATION_LEVEL = 0;
				GCC_PREPROCESSOR_DEFINITIONS = (
					"DEBUG=1",
					"$(inherited)",
				);
				GCC_WARN_64_TO_32_BIT_CONVERSION = YES;
				GCC_WARN_ABOUT_RETURN_TYPE = YES_ERROR;
				GCC_WARN_UNDECLARED_SELECTOR = YES;
				GCC_WARN_UNINITIALIZED_AUTOS = YES_AGGRESSIVE;
				GCC_WARN_UNUSED_FUNCTION = YES;
				GCC_WARN_UNUSED_VARIABLE = YES;
				IPHONEOS_DEPLOYMENT_TARGET = 9.2;
				MTL_ENABLE_DEBUG_INFO = YES;
				ONLY_ACTIVE_ARCH = YES;
				SDKROOT = iphoneos;
			};
			name = Debug;
		};
		4C799FAB1CD309FD00D7C74C /* Release */ = {
			isa = XCBuildConfiguration;
			buildSettings = {
				ALWAYS_SEARCH_USER_PATHS = NO;
				CLANG_CXX_LANGUAGE_STANDARD = "gnu++0x";
				CLANG_CXX_LIBRARY = "libc++";
				CLANG_ENABLE_MODULES = YES;
				CLANG_ENABLE_OBJC_ARC = YES;
				CLANG_WARN_BOOL_CONVERSION = YES;
				CLANG_WARN_CONSTANT_CONVERSION = YES;
				CLANG_WARN_DIRECT_OBJC_ISA_USAGE = YES_ERROR;
				CLANG_WARN_EMPTY_BODY = YES;
				CLANG_WARN_ENUM_CONVERSION = YES;
				CLANG_WARN_INT_CONVERSION = YES;
				CLANG_WARN_OBJC_ROOT_CLASS = YES_ERROR;
				CLANG_WARN_UNREACHABLE_CODE = YES;
				CLANG_WARN__DUPLICATE_METHOD_MATCH = YES;
				"CODE_SIGN_IDENTITY[sdk=iphoneos*]" = "iPhone Developer";
				COPY_PHASE_STRIP = NO;
				DEBUG_INFORMATION_FORMAT = "dwarf-with-dsym";
				ENABLE_NS_ASSERTIONS = NO;
				ENABLE_STRICT_OBJC_MSGSEND = YES;
				GCC_C_LANGUAGE_STANDARD = gnu99;
				GCC_NO_COMMON_BLOCKS = YES;
				GCC_WARN_64_TO_32_BIT_CONVERSION = YES;
				GCC_WARN_ABOUT_RETURN_TYPE = YES_ERROR;
				GCC_WARN_UNDECLARED_SELECTOR = YES;
				GCC_WARN_UNINITIALIZED_AUTOS = YES_AGGRESSIVE;
				GCC_WARN_UNUSED_FUNCTION = YES;
				GCC_WARN_UNUSED_VARIABLE = YES;
				IPHONEOS_DEPLOYMENT_TARGET = 9.2;
				MTL_ENABLE_DEBUG_INFO = NO;
				SDKROOT = iphoneos;
				VALIDATE_PRODUCT = YES;
			};
			name = Release;
		};
		4C799FAD1CD309FD00D7C74C /* Debug */ = {
			isa = XCBuildConfiguration;
			buildSettings = {
				ASSETCATALOG_COMPILER_APPICON_NAME = AppIcon;
				INFOPLIST_FILE = KBNetworking/Info.plist;
				LD_RUNPATH_SEARCH_PATHS = "$(inherited) @executable_path/Frameworks";
				PRODUCT_BUNDLE_IDENTIFIER = com.3glasses.KBNetworking;
				PRODUCT_NAME = "$(TARGET_NAME)";
			};
			name = Debug;
		};
		4C799FAE1CD309FD00D7C74C /* Release */ = {
			isa = XCBuildConfiguration;
			buildSettings = {
				ASSETCATALOG_COMPILER_APPICON_NAME = AppIcon;
				INFOPLIST_FILE = KBNetworking/Info.plist;
				LD_RUNPATH_SEARCH_PATHS = "$(inherited) @executable_path/Frameworks";
				PRODUCT_BUNDLE_IDENTIFIER = com.3glasses.KBNetworking;
				PRODUCT_NAME = "$(TARGET_NAME)";
			};
			name = Release;
		};
		4C799FB01CD309FD00D7C74C /* Debug */ = {
			isa = XCBuildConfiguration;
			buildSettings = {
				BUNDLE_LOADER = "$(TEST_HOST)";
				INFOPLIST_FILE = KBNetworkingTests/Info.plist;
				LD_RUNPATH_SEARCH_PATHS = "$(inherited) @executable_path/Frameworks @loader_path/Frameworks";
				PRODUCT_BUNDLE_IDENTIFIER = com.3glasses.KBNetworkingTests;
				PRODUCT_NAME = "$(TARGET_NAME)";
				TEST_HOST = "$(BUILT_PRODUCTS_DIR)/KBNetworking.app/KBNetworking";
			};
			name = Debug;
		};
		4C799FB11CD309FD00D7C74C /* Release */ = {
			isa = XCBuildConfiguration;
			buildSettings = {
				BUNDLE_LOADER = "$(TEST_HOST)";
				INFOPLIST_FILE = KBNetworkingTests/Info.plist;
				LD_RUNPATH_SEARCH_PATHS = "$(inherited) @executable_path/Frameworks @loader_path/Frameworks";
				PRODUCT_BUNDLE_IDENTIFIER = com.3glasses.KBNetworkingTests;
				PRODUCT_NAME = "$(TARGET_NAME)";
				TEST_HOST = "$(BUILT_PRODUCTS_DIR)/KBNetworking.app/KBNetworking";
			};
			name = Release;
		};
		4C799FB31CD309FD00D7C74C /* Debug */ = {
			isa = XCBuildConfiguration;
			buildSettings = {
				INFOPLIST_FILE = KBNetworkingUITests/Info.plist;
				LD_RUNPATH_SEARCH_PATHS = "$(inherited) @executable_path/Frameworks @loader_path/Frameworks";
				PRODUCT_BUNDLE_IDENTIFIER = com.3glasses.KBNetworkingUITests;
				PRODUCT_NAME = "$(TARGET_NAME)";
				TEST_TARGET_NAME = KBNetworking;
				USES_XCTRUNNER = YES;
			};
			name = Debug;
		};
		4C799FB41CD309FD00D7C74C /* Release */ = {
			isa = XCBuildConfiguration;
			buildSettings = {
				INFOPLIST_FILE = KBNetworkingUITests/Info.plist;
				LD_RUNPATH_SEARCH_PATHS = "$(inherited) @executable_path/Frameworks @loader_path/Frameworks";
				PRODUCT_BUNDLE_IDENTIFIER = com.3glasses.KBNetworkingUITests;
				PRODUCT_NAME = "$(TARGET_NAME)";
				TEST_TARGET_NAME = KBNetworking;
				USES_XCTRUNNER = YES;
			};
			name = Release;
		};
/* End XCBuildConfiguration section */

/* Begin XCConfigurationList section */
		4C799F7A1CD309F900D7C74C /* Build configuration list for PBXProject "KBNetworking" */ = {
			isa = XCConfigurationList;
			buildConfigurations = (
				4C799FAA1CD309FD00D7C74C /* Debug */,
				4C799FAB1CD309FD00D7C74C /* Release */,
			);
			defaultConfigurationIsVisible = 0;
			defaultConfigurationName = Release;
		};
		4C799FAC1CD309FD00D7C74C /* Build configuration list for PBXNativeTarget "KBNetworking" */ = {
			isa = XCConfigurationList;
			buildConfigurations = (
				4C799FAD1CD309FD00D7C74C /* Debug */,
				4C799FAE1CD309FD00D7C74C /* Release */,
			);
			defaultConfigurationIsVisible = 0;
		};
		4C799FAF1CD309FD00D7C74C /* Build configuration list for PBXNativeTarget "KBNetworkingTests" */ = {
			isa = XCConfigurationList;
			buildConfigurations = (
				4C799FB01CD309FD00D7C74C /* Debug */,
				4C799FB11CD309FD00D7C74C /* Release */,
			);
			defaultConfigurationIsVisible = 0;
		};
		4C799FB21CD309FD00D7C74C /* Build configuration list for PBXNativeTarget "KBNetworkingUITests" */ = {
			isa = XCConfigurationList;
			buildConfigurations = (
				4C799FB31CD309FD00D7C74C /* Debug */,
				4C799FB41CD309FD00D7C74C /* Release */,
			);
			defaultConfigurationIsVisible = 0;
		};
/* End XCConfigurationList section */
	};
	rootObject = 4C799F771CD309F900D7C74C /* Project object */;
}
